{
  "name": "isp",
  "version": "0.0.1",
  "lockfileVersion": 1,
  "requires": true,
  "dependencies": {
    "ansi-styles": {
      "version": "3.2.1",
      "resolved": "https://registry.npmjs.org/ansi-styles/-/ansi-styles-3.2.1.tgz",
      "integrity": "sha512-VT0ZI6kZRdTh8YyJw3SMbYm/u+NqfsAxEpWO0Pf9sq8/e94WxxOpPKx9FR1FlyCtOVDNOQ+8ntlqFxiRc+r5qA==",
      "requires": {
        "color-convert": "^1.9.0"
      }
    },
    "ansicolors": {
      "version": "0.2.1",
      "resolved": "https://registry.npmjs.org/ansicolors/-/ansicolors-0.2.1.tgz",
      "integrity": "sha1-vgiVmQl7dKXJxKhKDNvNtivYeu8="
    },
    "ansistyles": {
      "version": "0.1.3",
      "resolved": "https://registry.npmjs.org/ansistyles/-/ansistyles-0.1.3.tgz",
      "integrity": "sha1-XeYEFb2gcbs3EnhUyGT0GyMlRTk="
    },
    "array-back": {
      "version": "3.1.0",
      "resolved": "https://registry.npmjs.org/array-back/-/array-back-3.1.0.tgz",
      "integrity": "sha512-TkuxA4UCOvxuDK6NZYXCalszEzj+TLszyASooky+i742l9TqsOdYCMJJupxRic61hwquNtppB3hgcuq9SVSH1Q=="
    },
    "async": {
      "version": "3.2.0",
      "resolved": "https://registry.npmjs.org/async/-/async-3.2.0.tgz",
      "integrity": "sha512-TR2mEZFVOj2pLStYxLht7TyfuRzaydfpxr3k9RpHIzMgw7A64dzsdqCxH1WJyQdoe8T10nDXd9wnEigmiuHIZw=="
    },
    "balanced-match": {
      "version": "1.0.2",
      "resolved": "https://registry.npmjs.org/balanced-match/-/balanced-match-1.0.2.tgz",
      "integrity": "sha512-3oSeUO0TMV67hN1AmbXsK4yaqU7tjiHlbxRDZOpH0KW9+CeX4bRAaX0Anxt0tx2MrpRpWwQaPwIlISEJhYU5Pw=="
    },
    "bluebird": {
      "version": "3.7.2",
      "resolved": "https://registry.npmjs.org/bluebird/-/bluebird-3.7.2.tgz",
      "integrity": "sha512-XpNj6GDQzdfW+r2Wnn7xiSAd7TM3jzkxGXBGTtWKuSXv1xUV+azxAm8jdWZN06QTQk+2N2XB9jRDkvbmQmcRtg=="
    },
    "brace-expansion": {
      "version": "1.1.11",
      "resolved": "https://registry.npmjs.org/brace-expansion/-/brace-expansion-1.1.11.tgz",
      "integrity": "sha512-iCuPHDFgrHX7H2vEI/5xpz07zSHB00TpugqhmYtVmMO6518mCuRMoOYFldEBl0g187ufozdaHgWKcYFb61qGiA==",
      "requires": {
        "balanced-match": "^1.0.0",
        "concat-map": "0.0.1"
      }
    },
    "bunyan": {
      "version": "1.8.15",
      "resolved": "https://registry.npmjs.org/bunyan/-/bunyan-1.8.15.tgz",
      "integrity": "sha512-0tECWShh6wUysgucJcBAoYegf3JJoZWibxdqhTm7OHPeT42qdjkZ29QCMcKwbgU1kiH+auSIasNRXMLWXafXig==",
      "requires": {
        "dtrace-provider": "~0.8",
        "moment": "^2.19.3",
        "mv": "~2",
        "safe-json-stringify": "~1"
      }
    },
    "bunyan-format": {
      "version": "0.2.1",
      "resolved": "https://registry.npmjs.org/bunyan-format/-/bunyan-format-0.2.1.tgz",
      "integrity": "sha1-pLOw2ABwqGUnlBcmnj8A/wL7y0c=",
      "requires": {
        "ansicolors": "~0.2.1",
        "ansistyles": "~0.1.1",
        "xtend": "~2.1.1"
      }
    },
    "chalk": {
      "version": "2.4.2",
      "resolved": "https://registry.npmjs.org/chalk/-/chalk-2.4.2.tgz",
      "integrity": "sha512-Mti+f9lpJNcwF4tWV8/OrTTtF1gZi+f8FqlyAdouralcFWFQWF2+NgCHShjkCb+IFBLq9buZwE1xckQU4peSuQ==",
      "requires": {
        "ansi-styles": "^3.2.1",
        "escape-string-regexp": "^1.0.5",
        "supports-color": "^5.3.0"
      }
    },
    "color-convert": {
      "version": "1.9.3",
      "resolved": "https://registry.npmjs.org/color-convert/-/color-convert-1.9.3.tgz",
      "integrity": "sha512-QfAUtd+vFdAtFQcC8CCyYt1fYWxSqAiK2cSD6zDB8N3cpsEBAvRxp9zOGg6G/SHHJYAT88/az/IuDGALsNVbGg==",
      "requires": {
        "color-name": "1.1.3"
      }
    },
    "color-name": {
      "version": "1.1.3",
      "resolved": "https://registry.npmjs.org/color-name/-/color-name-1.1.3.tgz",
      "integrity": "sha1-p9BVi9icQveV3UIyj3QIMcpTvCU="
    },
    "command-line-args": {
      "version": "5.1.3",
      "resolved": "https://registry.npmjs.org/command-line-args/-/command-line-args-5.1.3.tgz",
      "integrity": "sha512-a5tF6mjqRSOBswBwdMkKY47JQ464Dkg9Pcwbxwo9wxRhKWZjtBktmBASllk3AMJ7qBuWgsAGtVa7b2/+EsymOQ==",
      "requires": {
        "array-back": "^3.1.0",
        "find-replace": "^3.0.0",
        "lodash.camelcase": "^4.3.0",
        "typical": "^4.0.0"
      }
    },
    "command-line-usage": {
      "version": "6.1.1",
      "resolved": "https://registry.npmjs.org/command-line-usage/-/command-line-usage-6.1.1.tgz",
      "integrity": "sha512-F59pEuAR9o1SF/bD0dQBDluhpT4jJQNWUHEuVBqpDmCUo6gPjCi+m9fCWnWZVR/oG6cMTUms4h+3NPl74wGXvA==",
      "requires": {
        "array-back": "^4.0.1",
        "chalk": "^2.4.2",
        "table-layout": "^1.0.1",
        "typical": "^5.2.0"
      },
      "dependencies": {
        "array-back": {
          "version": "4.0.2",
          "resolved": "https://registry.npmjs.org/array-back/-/array-back-4.0.2.tgz",
          "integrity": "sha512-NbdMezxqf94cnNfWLL7V/im0Ub+Anbb0IoZhvzie8+4HJ4nMQuzHuy49FkGYCJK2yAloZ3meiB6AVMClbrI1vg=="
        },
        "typical": {
          "version": "5.2.0",
          "resolved": "https://registry.npmjs.org/typical/-/typical-5.2.0.tgz",
          "integrity": "sha512-dvdQgNDNJo+8B2uBQoqdb11eUCE1JQXhvjC/CZtgvZseVd5TYMXnq0+vuUemXbd/Se29cTaUuPX3YIc2xgbvIg=="
        }
      }
    },
    "concat-map": {
      "version": "0.0.1",
      "resolved": "https://registry.npmjs.org/concat-map/-/concat-map-0.0.1.tgz",
      "integrity": "sha1-2Klr13/Wjfd5OnMDajug1UBdR3s="
    },
    "csvtojson": {
      "version": "2.0.10",
      "resolved": "https://registry.npmjs.org/csvtojson/-/csvtojson-2.0.10.tgz",
      "integrity": "sha512-lUWFxGKyhraKCW8Qghz6Z0f2l/PqB1W3AO0HKJzGIQ5JRSlR651ekJDiGJbBT4sRNNv5ddnSGVEnsxP9XRCVpQ==",
      "requires": {
        "bluebird": "^3.5.1",
        "lodash": "^4.17.3",
        "strip-bom": "^2.0.0"
      }
    },
    "deep-extend": {
      "version": "0.6.0",
      "resolved": "https://registry.npmjs.org/deep-extend/-/deep-extend-0.6.0.tgz",
      "integrity": "sha512-LOHxIOaPYdHlJRtCQfDIVZtfw/ufM8+rVj649RIHzcm/vGwQRXFt6OPqIFWsm2XEMrNIEtWR64sY1LEKD2vAOA=="
    },
    "dtrace-provider": {
      "version": "0.8.8",
      "resolved": "https://registry.npmjs.org/dtrace-provider/-/dtrace-provider-0.8.8.tgz",
      "integrity": "sha512-b7Z7cNtHPhH9EJhNNbbeqTcXB8LGFFZhq1PGgEvpeHlzd36bhbdTWoE/Ba/YguqpBSlAPKnARWhVlhunCMwfxg==",
      "optional": true,
      "requires": {
        "nan": "^2.14.0"
      }
    },
    "escape-string-regexp": {
      "version": "1.0.5",
      "resolved": "https://registry.npmjs.org/escape-string-regexp/-/escape-string-regexp-1.0.5.tgz",
      "integrity": "sha1-G2HAViGQqN/2rjuyzwIAyhMLhtQ="
    },
    "find-replace": {
      "version": "3.0.0",
      "resolved": "https://registry.npmjs.org/find-replace/-/find-replace-3.0.0.tgz",
      "integrity": "sha512-6Tb2myMioCAgv5kfvP5/PkZZ/ntTpVK39fHY7WkWBgvbeE+VHd/tZuZ4mrC+bxh4cfOZeYKVPaJIZtZXV7GNCQ==",
      "requires": {
        "array-back": "^3.0.1"
      }
    },
    "fs.realpath": {
      "version": "1.0.0",
      "resolved": "https://registry.npmjs.org/fs.realpath/-/fs.realpath-1.0.0.tgz",
      "integrity": "sha1-FQStJSMVjKpA20onh8sBQRmU6k8="
    },
    "glob": {
      "version": "7.1.7",
      "resolved": "https://registry.npmjs.org/glob/-/glob-7.1.7.tgz",
      "integrity": "sha512-OvD9ENzPLbegENnYP5UUfJIirTg4+XwMWGaQfQTY0JenxNvvIKP3U3/tAQSPIu/lHxXYSZmpXlUHeqAIdKzBLQ==",
      "requires": {
        "fs.realpath": "^1.0.0",
        "inflight": "^1.0.4",
        "inherits": "2",
        "minimatch": "^3.0.4",
        "once": "^1.3.0",
        "path-is-absolute": "^1.0.0"
      }
    },
    "has-flag": {
      "version": "3.0.0",
      "resolved": "https://registry.npmjs.org/has-flag/-/has-flag-3.0.0.tgz",
      "integrity": "sha1-tdRU3CGZriJWmfNGfloH87lVuv0="
    },
    "inflight": {
      "version": "1.0.6",
      "resolved": "https://registry.npmjs.org/inflight/-/inflight-1.0.6.tgz",
      "integrity": "sha1-Sb1jMdfQLQwJvJEKEHW6gWW1bfk=",
      "requires": {
        "once": "^1.3.0",
        "wrappy": "1"
      }
    },
    "inherits": {
      "version": "2.0.4",
      "resolved": "https://registry.npmjs.org/inherits/-/inherits-2.0.4.tgz",
      "integrity": "sha512-k/vGaX4/Yla3WzyMCvTQOXYeIHvqOKtnqBduzTHpzpQZzAskKMhZ2K+EnBiSM9zGSoIFeMpXKxa4dYeZIQqewQ=="
    },
    "is-utf8": {
      "version": "0.2.1",
      "resolved": "https://registry.npmjs.org/is-utf8/-/is-utf8-0.2.1.tgz",
      "integrity": "sha1-Sw2hRCEE0bM2NA6AeX6GXPOffXI="
    },
    "lodash": {
      "version": "4.17.21",
      "resolved": "https://registry.npmjs.org/lodash/-/lodash-4.17.21.tgz",
      "integrity": "sha512-v2kDEe57lecTulaDIuNTPy3Ry4gLGJ6Z1O3vE1krgXZNrsQ+LFTGHVxVjcXPs17LhbZVGedAJv8XZ1tvj5FvSg=="
    },
    "lodash.camelcase": {
      "version": "4.3.0",
      "resolved": "https://registry.npmjs.org/lodash.camelcase/-/lodash.camelcase-4.3.0.tgz",
      "integrity": "sha1-soqmKIorn8ZRA1x3EfZathkDMaY="
    },
    "merge-convert-csv-to-json": {
      "version": "1.1.0",
      "resolved": "https://registry.npmjs.org/merge-convert-csv-to-json/-/merge-convert-csv-to-json-1.1.0.tgz",
      "integrity": "sha512-wggdZ+vqZDxXrpQqoOqNdT9m6za7ZDBVYlmQewmxM3tkLQIEGY1KulhOSDSBu35NeLs6tA2Fn3KredfTfPMboQ==",
      "requires": {
        "async": "^3.1.0",
        "bunyan": "^1.8.12",
        "bunyan-format": "^0.2.1",
        "command-line-args": "^5.1.1",
        "command-line-usage": "^6.1.0",
        "csvtojson": "^2.0.10",
        "glob": "^7.1.5",
        "lodash": "^4.17.15"
      }
    },
    "minimatch": {
      "version": "3.0.4",
      "resolved": "https://registry.npmjs.org/minimatch/-/minimatch-3.0.4.tgz",
      "integrity": "sha512-yJHVQEhyqPLUTgt9B83PXu6W3rx4MvvHvSUvToogpwoGDOUQ+yDrR0HRot+yOCdCO7u4hX3pWft6kWBBcqh0UA==",
      "requires": {
        "brace-expansion": "^1.1.7"
      }
    },
    "minimist": {
      "version": "1.2.6",
      "resolved": "https://registry.npmjs.org/minimist/-/minimist-1.2.6.tgz",
      "integrity": "sha512-Jsjnk4bw3YJqYzbdyBiNsPWHPfO++UGG749Cxs6peCu5Xg4nrena6OVxOYxrQTqww0Jmwt+Ref8rggumkTLz9Q==",
      "optional": true
    },
    "mkdirp": {
      "version": "0.5.5",
      "resolved": "https://registry.npmjs.org/mkdirp/-/mkdirp-0.5.5.tgz",
      "integrity": "sha512-NKmAlESf6jMGym1++R0Ra7wvhV+wFW63FaSOFPwRahvea0gMUcGUhVeAg/0BC0wiv9ih5NYPB1Wn1UEI1/L+xQ==",
      "optional": true,
      "requires": {
        "minimist": "^1.2.5"
      }
    },
    "moment": {
      "version": "2.29.2",
      "resolved": "https://registry.npmjs.org/moment/-/moment-2.29.2.tgz",
      "integrity": "sha512-UgzG4rvxYpN15jgCmVJwac49h9ly9NurikMWGPdVxm8GZD6XjkKPxDTjQQ43gtGgnV3X0cAyWDdP2Wexoquifg=="
    },
    "mv": {
      "version": "2.1.1",
      "resolved": "https://registry.npmjs.org/mv/-/mv-2.1.1.tgz",
      "integrity": "sha1-rmzg1vbV4KT32JN5jQPB6pVZtqI=",
      "optional": true,
      "requires": {
        "mkdirp": "~0.5.1",
        "ncp": "~2.0.0",
        "rimraf": "~2.4.0"
      }
    },
    "nan": {
      "version": "2.14.2",
      "resolved": "https://registry.npmjs.org/nan/-/nan-2.14.2.tgz",
      "integrity": "sha512-M2ufzIiINKCuDfBSAUr1vWQ+vuVcA9kqx8JJUsbQi6yf1uGRyb7HfpdfUr5qLXf3B/t8dPvcjhKMmlfnP47EzQ==",
      "optional": true
    },
    "ncp": {
      "version": "2.0.0",
      "resolved": "https://registry.npmjs.org/ncp/-/ncp-2.0.0.tgz",
      "integrity": "sha1-GVoh1sRuNh0vsSgbo4uR6d9727M=",
      "optional": true
    },
    "object-keys": {
      "version": "0.4.0",
      "resolved": "https://registry.npmjs.org/object-keys/-/object-keys-0.4.0.tgz",
      "integrity": "sha1-KKaq50KN0sOpLz2V8hM13SBOAzY="
    },
    "once": {
      "version": "1.4.0",
      "resolved": "https://registry.npmjs.org/once/-/once-1.4.0.tgz",
      "integrity": "sha1-WDsap3WWHUsROsF9nFC6753Xa9E=",
      "requires": {
        "wrappy": "1"
      }
    },
    "path-is-absolute": {
      "version": "1.0.1",
      "resolved": "https://registry.npmjs.org/path-is-absolute/-/path-is-absolute-1.0.1.tgz",
      "integrity": "sha1-F0uSaHNVNP+8es5r9TpanhtcX18="
    },
    "reduce-flatten": {
      "version": "2.0.0",
      "resolved": "https://registry.npmjs.org/reduce-flatten/-/reduce-flatten-2.0.0.tgz",
      "integrity": "sha512-EJ4UNY/U1t2P/2k6oqotuX2Cc3T6nxJwsM0N0asT7dhrtH1ltUxDn4NalSYmPE2rCkVpcf/X6R0wDwcFpzhd4w=="
    },
    "rimraf": {
      "version": "2.4.5",
      "resolved": "https://registry.npmjs.org/rimraf/-/rimraf-2.4.5.tgz",
      "integrity": "sha1-7nEM5dk6j9uFb7Xqj/Di11k0sto=",
      "optional": true,
      "requires": {
        "glob": "^6.0.1"
      },
      "dependencies": {
        "glob": {
          "version": "6.0.4",
          "resolved": "https://registry.npmjs.org/glob/-/glob-6.0.4.tgz",
          "integrity": "sha1-DwiGD2oVUSey+t1PnOJLGqtuTSI=",
          "optional": true,
          "requires": {
            "inflight": "^1.0.4",
            "inherits": "2",
            "minimatch": "2 || 3",
            "once": "^1.3.0",
            "path-is-absolute": "^1.0.0"
          }
        }
      }
    },
    "safe-json-stringify": {
      "version": "1.2.0",
      "resolved": "https://registry.npmjs.org/safe-json-stringify/-/safe-json-stringify-1.2.0.tgz",
      "integrity": "sha512-gH8eh2nZudPQO6TytOvbxnuhYBOvDBBLW52tz5q6X58lJcd/tkmqFR+5Z9adS8aJtURSXWThWy/xJtJwixErvg==",
      "optional": true
    },
    "strip-bom": {
      "version": "2.0.0",
      "resolved": "https://registry.npmjs.org/strip-bom/-/strip-bom-2.0.0.tgz",
      "integrity": "sha1-YhmoVhZSBJHzV4i9vxRHqZx+aw4=",
      "requires": {
        "is-utf8": "^0.2.0"
      }
    },
    "supports-color": {
      "version": "5.5.0",
      "resolved": "https://registry.npmjs.org/supports-color/-/supports-color-5.5.0.tgz",
      "integrity": "sha512-QjVjwdXIt408MIiAqCX4oUKsgU2EqAGzs2Ppkm4aQYbjm+ZEWEcW4SfFNTr4uMNZma0ey4f5lgLrkB0aX0QMow==",
      "requires": {
        "has-flag": "^3.0.0"
      }
    },
    "table-layout": {
      "version": "1.0.2",
      "resolved": "https://registry.npmjs.org/table-layout/-/table-layout-1.0.2.tgz",
      "integrity": "sha512-qd/R7n5rQTRFi+Zf2sk5XVVd9UQl6ZkduPFC3S7WEGJAmetDTjY3qPN50eSKzwuzEyQKy5TN2TiZdkIjos2L6A==",
      "requires": {
        "array-back": "^4.0.1",
        "deep-extend": "~0.6.0",
        "typical": "^5.2.0",
        "wordwrapjs": "^4.0.0"
      },
      "dependencies": {
        "array-back": {
          "version": "4.0.2",
          "resolved": "https://registry.npmjs.org/array-back/-/array-back-4.0.2.tgz",
          "integrity": "sha512-NbdMezxqf94cnNfWLL7V/im0Ub+Anbb0IoZhvzie8+4HJ4nMQuzHuy49FkGYCJK2yAloZ3meiB6AVMClbrI1vg=="
        },
        "typical": {
          "version": "5.2.0",
          "resolved": "https://registry.npmjs.org/typical/-/typical-5.2.0.tgz",
          "integrity": "sha512-dvdQgNDNJo+8B2uBQoqdb11eUCE1JQXhvjC/CZtgvZseVd5TYMXnq0+vuUemXbd/Se29cTaUuPX3YIc2xgbvIg=="
        }
      }
    },
    "typical": {
      "version": "4.0.0",
      "resolved": "https://registry.npmjs.org/typical/-/typical-4.0.0.tgz",
      "integrity": "sha512-VAH4IvQ7BDFYglMd7BPRDfLgxZZX4O4TFcRDA6EN5X7erNJJq+McIEp8np9aVtxrCJ6qx4GTYVfOWNjcqwZgRw=="
    },
    "wordwrapjs": {
      "version": "4.0.1",
      "resolved": "https://registry.npmjs.org/wordwrapjs/-/wordwrapjs-4.0.1.tgz",
      "integrity": "sha512-kKlNACbvHrkpIw6oPeYDSmdCTu2hdMHoyXLTcUKala++lx5Y+wjJ/e474Jqv5abnVmwxw08DiTuHmw69lJGksA==",
      "requires": {
        "reduce-flatten": "^2.0.0",
        "typical": "^5.2.0"
      },
      "dependencies": {
        "typical": {
          "version": "5.2.0",
          "resolved": "https://registry.npmjs.org/typical/-/typical-5.2.0.tgz",
          "integrity": "sha512-dvdQgNDNJo+8B2uBQoqdb11eUCE1JQXhvjC/CZtgvZseVd5TYMXnq0+vuUemXbd/Se29cTaUuPX3YIc2xgbvIg=="
        }
      }
    },
    "wrappy": {
      "version": "1.0.2",
      "resolved": "https://registry.npmjs.org/wrappy/-/wrappy-1.0.2.tgz",
      "integrity": "sha1-tSQ9jz7BqjXxNkYFvA0QNuMKtp8="
    },
    "xtend": {
      "version": "2.1.2",
      "resolved": "https://registry.npmjs.org/xtend/-/xtend-2.1.2.tgz",
      "integrity": "sha1-bv7MKk2tjmlixJAbM3znuoe10os=",
      "requires": {
        "object-keys": "~0.4.0"
      }
    }
  }
}
